
Microsoft Visual Studio Solution File, Format Version 12.00
# Visual Studio 15
VisualStudioVersion = 15.0.27703.2000
MinimumVisualStudioVersion = 10.0.40219.1
Project("{FAE04EC0-301F-11D3-BF4B-00C04F79EFBC}") = "Mass transfer model", "Mass transfer model\Mass transfer model.csproj", "{235AC9F3-B898-4DC2-972C-6A4267CC78AD}"
EndProject
Global
	GlobalSection(SolutionConfigurationPlatforms) = preSolution
		Debug|Any CPU = Debug|Any CPU
		Release|Any CPU = Release|Any CPU
	EndGlobalSection
	GlobalSection(ProjectConfigurationPlatforms) = postSolution
		{235AC9F3-B898-4DC2-972C-6A4267CC78AD}.Debug|Any CPU.ActiveCfg = Debug|Any CPU
		{235AC9F3-B898-4DC2-972C-6A4267CC78AD}.Debug|Any CPU.Build.0 = Debug|Any CPU
		{235AC9F3-B898-4DC2-972C-6A4267CC78AD}.Release|Any CPU.ActiveCfg = Release|Any CPU
		{235AC9F3-B898-4DC2-972C-6A4267CC78AD}.Release|Any CPU.Build.0 = Release|Any CPU
	EndGlobalSection
	GlobalSection(SolutionProperties) = preSolution
		HideSolutionNode = FALSE
	EndGlobalSection
	GlobalSection(ExtensibilityGlobals) = postSolution
		SolutionGuid = {1D23DC1B-99C6-437A-9CBA-D1D26C08BD51}
	EndGlobalSection
EndGlobal
